// !$*UTF8*$!
{
	archiveVersion = 1;
	classes = {
	};
	objectVersion = 50;
	objects = {

/* Begin PBXBuildFile section */
		2CE08C692702B0C500445209 /* AppDelegate.swift in Sources */ = {isa = PBXBuildFile; fileRef = 2CE08C682702B0C500445209 /* AppDelegate.swift */; };
		2CE08C6B2702B0C500445209 /* SceneDelegate.swift in Sources */ = {isa = PBXBuildFile; fileRef = 2CE08C6A2702B0C500445209 /* SceneDelegate.swift */; };
		2CE08C6D2702B0C500445209 /* ViewController.swift in Sources */ = {isa = PBXBuildFile; fileRef = 2CE08C6C2702B0C500445209 /* ViewController.swift */; };
		2CE08C702702B0C500445209 /* Main.storyboard in Resources */ = {isa = PBXBuildFile; fileRef = 2CE08C6E2702B0C500445209 /* Main.storyboard */; };
		2CE08C722702B0C600445209 /* Assets.xcassets in Resources */ = {isa = PBXBuildFile; fileRef = 2CE08C712702B0C600445209 /* Assets.xcassets */; };
		2CE08C752702B0C600445209 /* LaunchScreen.storyboard in Resources */ = {isa = PBXBuildFile; fileRef = 2CE08C732702B0C600445209 /* LaunchScreen.storyboard */; };
		2CE08C802702B0C600445209 /* FlixTests.swift in Sources */ = {isa = PBXBuildFile; fileRef = 2CE08C7F2702B0C600445209 /* FlixTests.swift */; };
		2CE08C8B2702B0C600445209 /* FlixUITests.swift in Sources */ = {isa = PBXBuildFile; fileRef = 2CE08C8A2702B0C600445209 /* FlixUITests.swift */; };
/* End PBXBuildFile section */

/* Begin PBXContainerItemProxy section */
		2CE08C7C2702B0C600445209 /* PBXContainerItemProxy */ = {
			isa = PBXContainerItemProxy;
			containerPortal = 2CE08C5D2702B0C500445209 /* Project object */;
			proxyType = 1;
			remoteGlobalIDString = 2CE08C642702B0C500445209;
			remoteInfo = Flix;
		};
		2CE08C872702B0C600445209 /* PBXContainerItemProxy */ = {
			isa = PBXContainerItemProxy;
			containerPortal = 2CE08C5D2702B0C500445209 /* Project object */;
			proxyType = 1;
			remoteGlobalIDString = 2CE08C642702B0C500445209;
			remoteInfo = Flix;
		};
/* End PBXContainerItemProxy section */

/* Begin PBXFileReference section */
		2CE08C652702B0C500445209 /* Flix.app */ = {isa = PBXFileReference; explicitFileType = wrapper.application; includeInIndex = 0; path = Flix.app; sourceTree = BUILT_PRODUCTS_DIR; };
		2CE08C682702B0C500445209 /* AppDelegate.swift */ = {isa = PBXFileReference; lastKnownFileType = sourcecode.swift; path = AppDelegate.swift; sourceTree = "<group>"; };
		2CE08C6A2702B0C500445209 /* SceneDelegate.swift */ = {isa = PBXFileReference; lastKnownFileType = sourcecode.swift; path = SceneDelegate.swift; sourceTree = "<group>"; };
		2CE08C6C2702B0C500445209 /* ViewController.swift */ = {isa = PBXFileReference; lastKnownFileType = sourcecode.swift; path = ViewController.swift; sourceTree = "<group>"; };
		2CE08C6F2702B0C500445209 /* Base */ = {isa = PBXFileReference; lastKnownFileType = file.storyboard; name = Base; path = Base.lproj/Main.storyboard; sourceTree = "<group>"; };
		2CE08C712702B0C600445209 /* Assets.xcassets */ = {isa = PBXFileReference; lastKnownFileType = folder.assetcatalog; path = Assets.xcassets; sourceTree = "<group>"; };
		2CE08C742702B0C600445209 /* Base */ = {isa = PBXFileReference; lastKnownFileType = file.storyboard; name = Base; path = Base.lproj/LaunchScreen.storyboard; sourceTree = "<group>"; };
		2CE08C762702B0C600445209 /* Info.plist */ = {isa = PBXFileReference; lastKnownFileType = text.plist.xml; path = Info.plist; sourceTree = "<group>"; };
		2CE08C7B2702B0C600445209 /* FlixTests.xctest */ = {isa = PBXFileReference; explicitFileType = wrapper.cfbundle; includeInIndex = 0; path = FlixTests.xctest; sourceTree = BUILT_PRODUCTS_DIR; };
		2CE08C7F2702B0C600445209 /* FlixTests.swift */ = {isa = PBXFileReference; lastKnownFileType = sourcecode.swift; path = FlixTests.swift; sourceTree = "<group>"; };
		2CE08C812702B0C600445209 /* Info.plist */ = {isa = PBXFileReference; lastKnownFileType = text.plist.xml; path = Info.plist; sourceTree = "<group>"; };
		2CE08C862702B0C600445209 /* FlixUITests.xctest */ = {isa = PBXFileReference; explicitFileType = wrapper.cfbundle; includeInIndex = 0; path = FlixUITests.xctest; sourceTree = BUILT_PRODUCTS_DIR; };
		2CE08C8A2702B0C600445209 /* FlixUITests.swift */ = {isa = PBXFileReference; lastKnownFileType = sourcecode.swift; path = FlixUITests.swift; sourceTree = "<group>"; };
		2CE08C8C2702B0C600445209 /* Info.plist */ = {isa = PBXFileReference; lastKnownFileType = text.plist.xml; path = Info.plist; sourceTree = "<group>"; };
/* End PBXFileReference section */

/* Begin PBXFrameworksBuildPhase section */
		2CE08C622702B0C500445209 /* Frameworks */ = {
			isa = PBXFrameworksBuildPhase;
			buildActionMask = 2147483647;
			files = (
			);
			runOnlyForDeploymentPostprocessing = 0;
		};
		2CE08C782702B0C600445209 /* Frameworks */ = {
			isa = PBXFrameworksBuildPhase;
			buildActionMask = 2147483647;
			files = (
			);
			runOnlyForDeploymentPostprocessing = 0;
		};
		2CE08C832702B0C600445209 /* Frameworks */ = {
			isa = PBXFrameworksBuildPhase;
			buildActionMask = 2147483647;
			files = (
			);
			runOnlyForDeploymentPostprocessing = 0;
		};
/* End PBXFrameworksBuildPhase section */

/* Begin PBXGroup section */
		2CE08C5C2702B0C500445209 = {
			isa = PBXGroup;
			children = (
				2CE08C672702B0C500445209 /* Flix */,
				2CE08C7E2702B0C600445209 /* FlixTests */,
				2CE08C892702B0C600445209 /* FlixUITests */,
				2CE08C662702B0C500445209 /* Products */,
			);
			sourceTree = "<group>";
		};
		2CE08C662702B0C500445209 /* Products */ = {
			isa = PBXGroup;
			children = (
				2CE08C652702B0C500445209 /* Flix.app */,
				2CE08C7B2702B0C600445209 /* FlixTests.xctest */,
				2CE08C862702B0C600445209 /* FlixUITests.xctest */,
			);
			name = Products;
			sourceTree = "<group>";
		};
		2CE08C672702B0C500445209 /* Flix */ = {
			isa = PBXGroup;
			children = (
				2CE08C682702B0C500445209 /* AppDelegate.swift */,
				2CE08C6A2702B0C500445209 /* SceneDelegate.swift */,
				2CE08C6C2702B0C500445209 /* ViewController.swift */,
				2CE08C6E2702B0C500445209 /* Main.storyboard */,
				2CE08C712702B0C600445209 /* Assets.xcassets */,
				2CE08C732702B0C600445209 /* LaunchScreen.storyboard */,
				2CE08C762702B0C600445209 /* Info.plist */,
			);
			path = Flix;
			sourceTree = "<group>";
		};
		2CE08C7E2702B0C600445209 /* FlixTests */ = {
			isa = PBXGroup;
			children = (
				2CE08C7F2702B0C600445209 /* FlixTests.swift */,
				2CE08C812702B0C600445209 /* Info.plist */,
			);
			path = FlixTests;
			sourceTree = "<group>";
		};
		2CE08C892702B0C600445209 /* FlixUITests */ = {
			isa = PBXGroup;
			children = (
				2CE08C8A2702B0C600445209 /* FlixUITests.swift */,
				2CE08C8C2702B0C600445209 /* Info.plist */,
			);
			path = FlixUITests;
			sourceTree = "<group>";
		};
/* End PBXGroup section */

/* Begin PBXNativeTarget section */
		2CE08C642702B0C500445209 /* Flix */ = {
			isa = PBXNativeTarget;
			buildConfigurationList = 2CE08C8F2702B0C600445209 /* Build configuration list for PBXNativeTarget "Flix" */;
			buildPhases = (
				2CE08C612702B0C500445209 /* Sources */,
				2CE08C622702B0C500445209 /* Frameworks */,
				2CE08C632702B0C500445209 /* Resources */,
			);
			buildRules = (
			);
			dependencies = (
			);
			name = Flix;
			productName = Flix;
			productReference = 2CE08C652702B0C500445209 /* Flix.app */;
			productType = "com.apple.product-type.application";
		};
		2CE08C7A2702B0C600445209 /* FlixTests */ = {
			isa = PBXNativeTarget;
			buildConfigurationList = 2CE08C922702B0C600445209 /* Build configuration list for PBXNativeTarget "FlixTests" */;
			buildPhases = (
				2CE08C772702B0C600445209 /* Sources */,
				2CE08C782702B0C600445209 /* Frameworks */,
				2CE08C792702B0C600445209 /* Resources */,
			);
			buildRules = (
			);
			dependencies = (
				2CE08C7D2702B0C600445209 /* PBXTargetDependency */,
			);
			name = FlixTests;
			productName = FlixTests;
			productReference = 2CE08C7B2702B0C600445209 /* FlixTests.xctest */;
			productType = "com.apple.product-type.bundle.unit-test";
		};
		2CE08C852702B0C600445209 /* FlixUITests */ = {
			isa = PBXNativeTarget;
			buildConfigurationList = 2CE08C952702B0C600445209 /* Build configuration list for PBXNativeTarget "FlixUITests" */;
			buildPhases = (
				2CE08C822702B0C600445209 /* Sources */,
				2CE08C832702B0C600445209 /* Frameworks */,
				2CE08C842702B0C600445209 /* Resources */,
			);
			buildRules = (
			);
			dependencies = (
				2CE08C882702B0C600445209 /* PBXTargetDependency */,
			);
			name = FlixUITests;
			productName = FlixUITests;
			productReference = 2CE08C862702B0C600445209 /* FlixUITests.xctest */;
			productType = "com.apple.product-type.bundle.ui-testing";
		};
/* End PBXNativeTarget section */

/* Begin PBXProject section */
		2CE08C5D2702B0C500445209 /* Project object */ = {
			isa = PBXProject;
			attributes = {
				LastSwiftUpdateCheck = 1250;
				LastUpgradeCheck = 1250;
				TargetAttributes = {
					2CE08C642702B0C500445209 = {
						CreatedOnToolsVersion = 12.5.1;
					};
					2CE08C7A2702B0C600445209 = {
						CreatedOnToolsVersion = 12.5.1;
						TestTargetID = 2CE08C642702B0C500445209;
					};
					2CE08C852702B0C600445209 = {
						CreatedOnToolsVersion = 12.5.1;
						TestTargetID = 2CE08C642702B0C500445209;
					};
				};
			};
			buildConfigurationList = 2CE08C602702B0C500445209 /* Build configuration list for PBXProject "Flix" */;
			compatibilityVersion = "Xcode 9.3";
			developmentRegion = en;
			hasScannedForEncodings = 0;
			knownRegions = (
				en,
				Base,
			);
			mainGroup = 2CE08C5C2702B0C500445209;
			productRefGroup = 2CE08C662702B0C500445209 /* Products */;
			projectDirPath = "";
			projectRoot = "";
			targets = (
				2CE08C642702B0C500445209 /* Flix */,
				2CE08C7A2702B0C600445209 /* FlixTests */,
				2CE08C852702B0C600445209 /* FlixUITests */,
			);
		};
/* End PBXProject section */

/* Begin PBXResourcesBuildPhase section */
		2CE08C632702B0C500445209 /* Resources */ = {
			isa = PBXResourcesBuildPhase;
			buildActionMask = 2147483647;
			files = (
				2CE08C752702B0C600445209 /* LaunchScreen.storyboard in Resources */,
				2CE08C722702B0C600445209 /* Assets.xcassets in Resources */,
				2CE08C702702B0C500445209 /* Main.storyboard in Resources */,
			);
			runOnlyForDeploymentPostprocessing = 0;
		};
		2CE08C792702B0C600445209 /* Resources */ = {
			isa = PBXResourcesBuildPhase;
			buildActionMask = 2147483647;
			files = (
			);
			runOnlyForDeploymentPostprocessing = 0;
		};
		2CE08C842702B0C600445209 /* Resources */ = {
			isa = PBXResourcesBuildPhase;
			buildActionMask = 2147483647;
			files = (
			);
			runOnlyForDeploymentPostprocessing = 0;
		};
/* End PBXResourcesBuildPhase section */

/* Begin PBXSourcesBuildPhase section */
		2CE08C612702B0C500445209 /* Sources */ = {
			isa = PBXSourcesBuildPhase;
			buildActionMask = 2147483647;
			files = (
				2CE08C6D2702B0C500445209 /* ViewController.swift in Sources */,
				2CE08C692702B0C500445209 /* AppDelegate.swift in Sources */,
				2CE08C6B2702B0C500445209 /* SceneDelegate.swift in Sources */,
			);
			runOnlyForDeploymentPostprocessing = 0;
		};
		2CE08C772702B0C600445209 /* Sources */ = {
			isa = PBXSourcesBuildPhase;
			buildActionMask = 2147483647;
			files = (
				2CE08C802702B0C600445209 /* FlixTests.swift in Sources */,
			);
			runOnlyForDeploymentPostprocessing = 0;
		};
		2CE08C822702B0C600445209 /* Sources */ = {
			isa = PBXSourcesBuildPhase;
			buildActionMask = 2147483647;
			files = (
				2CE08C8B2702B0C600445209 /* FlixUITests.swift in Sources */,
			);
			runOnlyForDeploymentPostprocessing = 0;
		};
/* End PBXSourcesBuildPhase section */

/* Begin PBXTargetDependency section */
		2CE08C7D2702B0C600445209 /* PBXTargetDependency */ = {
			isa = PBXTargetDependency;
			target = 2CE08C642702B0C500445209 /* Flix */;
			targetProxy = 2CE08C7C2702B0C600445209 /* PBXContainerItemProxy */;
		};
		2CE08C882702B0C600445209 /* PBXTargetDependency */ = {
			isa = PBXTargetDependency;
			target = 2CE08C642702B0C500445209 /* Flix */;
			targetProxy = 2CE08C872702B0C600445209 /* PBXContainerItemProxy */;
		};
/* End PBXTargetDependency section */

/* Begin PBXVariantGroup section */
		2CE08C6E2702B0C500445209 /* Main.storyboard */ = {
			isa = PBXVariantGroup;
			children = (
				2CE08C6F2702B0C500445209 /* Base */,
			);
			name = Main.storyboard;
			sourceTree = "<group>";
		};
		2CE08C732702B0C600445209 /* LaunchScreen.storyboard */ = {
			isa = PBXVariantGroup;
			children = (
				2CE08C742702B0C600445209 /* Base */,
			);
			name = LaunchScreen.storyboard;
			sourceTree = "<group>";
		};
/* End PBXVariantGroup section */

/* Begin XCBuildConfiguration section */
		2CE08C8D2702B0C600445209 /* Debug */ = {
			isa = XCBuildConfiguration;
			buildSettings = {
				ALWAYS_SEARCH_USER_PATHS = NO;
				CLANG_ANALYZER_NONNULL = YES;
				CLANG_ANALYZER_NUMBER_OBJECT_CONVERSION = YES_AGGRESSIVE;
				CLANG_CXX_LANGUAGE_STANDARD = "gnu++14";
				CLANG_CXX_LIBRARY = "libc++";
				CLANG_ENABLE_MODULES = YES;
				CLANG_ENABLE_OBJC_ARC = YES;
				CLANG_ENABLE_OBJC_WEAK = YES;
				CLANG_WARN_BLOCK_CAPTURE_AUTORELEASING = YES;
				CLANG_WARN_BOOL_CONVERSION = YES;
				CLANG_WARN_COMMA = YES;
				CLANG_WARN_CONSTANT_CONVERSION = YES;
				CLANG_WARN_DEPRECATED_OBJC_IMPLEMENTATIONS = YES;
				CLANG_WARN_DIRECT_OBJC_ISA_USAGE = YES_ERROR;
				CLANG_WARN_DOCUMENTATION_COMMENTS = YES;
				CLANG_WARN_EMPTY_BODY = YES;
				CLANG_WARN_ENUM_CONVERSION = YES;
				CLANG_WARN_INFINITE_RECURSION = YES;
				CLANG_WARN_INT_CONVERSION = YES;
				CLANG_WARN_NON_LITERAL_NULL_CONVERSION = YES;
				CLANG_WARN_OBJC_IMPLICIT_RETAIN_SELF = YES;
				CLANG_WARN_OBJC_LITERAL_CONVERSION = YES;
				CLANG_WARN_OBJC_ROOT_CLASS = YES_ERROR;
				CLANG_WARN_QUOTED_INCLUDE_IN_FRAMEWORK_HEADER = YES;
				CLANG_WARN_RANGE_LOOP_ANALYSIS = YES;
				CLANG_WARN_STRICT_PROTOTYPES = YES;
				CLANG_WARN_SUSPICIOUS_MOVE = YES;
				CLANG_WARN_UNGUARDED_AVAILABILITY = YES_AGGRESSIVE;
				CLANG_WARN_UNREACHABLE_CODE = YES;
				CLANG_WARN__DUPLICATE_METHOD_MATCH = YES;
				COPY_PHASE_STRIP = NO;
				DEBUG_INFORMATION_FORMAT = dwarf;
				ENABLE_STRICT_OBJC_MSGSEND = YES;
				ENABLE_TESTABILITY = YES;
				GCC_C_LANGUAGE_STANDARD = gnu11;
				GCC_DYNAMIC_NO_PIC = NO;
				GCC_NO_COMMON_BLOCKS = YES;
				GCC_OPTIMIZATION_LEVEL = 0;
				GCC_PREPROCESSOR_DEFINITIONS = (
					"DEBUG=1",
					"$(inherited)",
				);
				GCC_WARN_64_TO_32_BIT_CONVERSION = YES;
				GCC_WARN_ABOUT_RETURN_TYPE = YES_ERROR;
				GCC_WARN_UNDECLARED_SELECTOR = YES;
				GCC_WARN_UNINITIALIZED_AUTOS = YES_AGGRESSIVE;
				GCC_WARN_UNUSED_FUNCTION = YES;
				GCC_WARN_UNUSED_VARIABLE = YES;
				IPHONEOS_DEPLOYMENT_TARGET = 14.5;
				MTL_ENABLE_DEBUG_INFO = INCLUDE_SOURCE;
				MTL_FAST_MATH = YES;
				ONLY_ACTIVE_ARCH = YES;
				SDKROOT = iphoneos;
				SWIFT_ACTIVE_COMPILATION_CONDITIONS = DEBUG;
				SWIFT_OPTIMIZATION_LEVEL = "-Onone";
			};
			name = Debug;
		};
		2CE08C8E2702B0C600445209 /* Release */ = {
			isa = XCBuildConfiguration;
			buildSettings = {
				ALWAYS_SEARCH_USER_PATHS = NO;
				CLANG_ANALYZER_NONNULL = YES;
				CLANG_ANALYZER_NUMBER_OBJECT_CONVERSION = YES_AGGRESSIVE;
				CLANG_CXX_LANGUAGE_STANDARD = "gnu++14";
				CLANG_CXX_LIBRARY = "libc++";
				CLANG_ENABLE_MODULES = YES;
				CLANG_ENABLE_OBJC_ARC = YES;
				CLANG_ENABLE_OBJC_WEAK = YES;
				CLANG_WARN_BLOCK_CAPTURE_AUTORELEASING = YES;
				CLANG_WARN_BOOL_CONVERSION = YES;
				CLANG_WARN_COMMA = YES;
				CLANG_WARN_CONSTANT_CONVERSION = YES;
				CLANG_WARN_DEPRECATED_OBJC_IMPLEMENTATIONS = YES;
				CLANG_WARN_DIRECT_OBJC_ISA_USAGE = YES_ERROR;
				CLANG_WARN_DOCUMENTATION_COMMENTS = YES;
				CLANG_WARN_EMPTY_BODY = YES;
				CLANG_WARN_ENUM_CONVERSION = YES;
				CLANG_WARN_INFINITE_RECURSION = YES;
				CLANG_WARN_INT_CONVERSION = YES;
				CLANG_WARN_NON_LITERAL_NULL_CONVERSION = YES;
				CLANG_WARN_OBJC_IMPLICIT_RETAIN_SELF = YES;
				CLANG_WARN_OBJC_LITERAL_CONVERSION = YES;
				CLANG_WARN_OBJC_ROOT_CLASS = YES_ERROR;
				CLANG_WARN_QUOTED_INCLUDE_IN_FRAMEWORK_HEADER = YES;
				CLANG_WARN_RANGE_LOOP_ANALYSIS = YES;
				CLANG_WARN_STRICT_PROTOTYPES = YES;
				CLANG_WARN_SUSPICIOUS_MOVE = YES;
				CLANG_WARN_UNGUARDED_AVAILABILITY = YES_AGGRESSIVE;
				CLANG_WARN_UNREACHABLE_CODE = YES;
				CLANG_WARN__DUPLICATE_METHOD_MATCH = YES;
				COPY_PHASE_STRIP = NO;
				DEBUG_INFORMATION_FORMAT = "dwarf-with-dsym";
				ENABLE_NS_ASSERTIONS = NO;
				ENABLE_STRICT_OBJC_MSGSEND = YES;
				GCC_C_LANGUAGE_STANDARD = gnu11;
				GCC_NO_COMMON_BLOCKS = YES;
				GCC_WARN_64_TO_32_BIT_CONVERSION = YES;
				GCC_WARN_ABOUT_RETURN_TYPE = YES_ERROR;
				GCC_WARN_UNDECLARED_SELECTOR = YES;
				GCC_WARN_UNINITIALIZED_AUTOS = YES_AGGRESSIVE;
				GCC_WARN_UNUSED_FUNCTION = YES;
				GCC_WARN_UNUSED_VARIABLE = YES;
				IPHONEOS_DEPLOYMENT_TARGET = 14.5;
				MTL_ENABLE_DEBUG_INFO = NO;
				MTL_FAST_MATH = YES;
				SDKROOT = iphoneos;
				SWIFT_COMPILATION_MODE = wholemodule;
				SWIFT_OPTIMIZATION_LEVEL = "-O";
				VALIDATE_PRODUCT = YES;
			};
			name = Release;
		};
		2CE08C902702B0C600445209 /* Debug */ = {
			isa = XCBuildConfiguration;
			buildSettings = {
				ASSETCATALOG_COMPILER_APPICON_NAME = AppIcon;
				ASSETCATALOG_COMPILER_GLOBAL_ACCENT_COLOR_NAME = AccentColor;
				CODE_SIGN_STYLE = Automatic;
				DEVELOPMENT_TEAM = 5V4732Y5QS;
				INFOPLIST_FILE = Flix/Info.plist;
				LD_RUNPATH_SEARCH_PATHS = (
					"$(inherited)",
					"@executable_path/Frameworks",
				);
				PRODUCT_BUNDLE_IDENTIFIER = com.codemavie.Flix;
				PRODUCT_NAME = "$(TARGET_NAME)";
				SWIFT_VERSION = 5.0;
				TARGETED_DEVICE_FAMILY = "1,2";
			};
			name = Debug;
		};
		2CE08C912702B0C600445209 /* Release */ = {
			isa = XCBuildConfiguration;
			buildSettings = {
				ASSETCATALOG_COMPILER_APPICON_NAME = AppIcon;
				ASSETCATALOG_COMPILER_GLOBAL_ACCENT_COLOR_NAME = AccentColor;
				CODE_SIGN_STYLE = Automatic;
				DEVELOPMENT_TEAM = 5V4732Y5QS;
				INFOPLIST_FILE = Flix/Info.plist;
				LD_RUNPATH_SEARCH_PATHS = (
					"$(inherited)",
					"@executable_path/Frameworks",
				);
				PRODUCT_BUNDLE_IDENTIFIER = com.codemavie.Flix;
				PRODUCT_NAME = "$(TARGET_NAME)";
				SWIFT_VERSION = 5.0;
				TARGETED_DEVICE_FAMILY = "1,2";
			};
			name = Release;
		};
		2CE08C932702B0C600445209 /* Debug */ = {
			isa = XCBuildConfiguration;
			buildSettings = {
				ALWAYS_EMBED_SWIFT_STANDARD_LIBRARIES = YES;
				BUNDLE_LOADER = "$(TEST_HOST)";
				CODE_SIGN_STYLE = Automatic;
				DEVELOPMENT_TEAM = 5V4732Y5QS;
				INFOPLIST_FILE = FlixTests/Info.plist;
				IPHONEOS_DEPLOYMENT_TARGET = 14.5;
				LD_RUNPATH_SEARCH_PATHS = (
					"$(inherited)",
					"@executable_path/Frameworks",
					"@loader_path/Frameworks",
				);
				PRODUCT_BUNDLE_IDENTIFIER = com.codemavie.FlixTests;
				PRODUCT_NAME = "$(TARGET_NAME)";
				SWIFT_VERSION = 5.0;
				TARGETED_DEVICE_FAMILY = "1,2";
				TEST_HOST = "$(BUILT_PRODUCTS_DIR)/Flix.app/Flix";
			};
			name = Debug;
		};
		2CE08C942702B0C600445209 /* Release */ = {
			isa = XCBuildConfiguration;
			buildSettings = {
				ALWAYS_EMBED_SWIFT_STANDARD_LIBRARIES = YES;
				BUNDLE_LOADER = "$(TEST_HOST)";
				CODE_SIGN_STYLE = Automatic;
				DEVELOPMENT_TEAM = 5V4732Y5QS;
				INFOPLIST_FILE = FlixTests/Info.plist;
				IPHONEOS_DEPLOYMENT_TARGET = 14.5;
				LD_RUNPATH_SEARCH_PATHS = (
					"$(inherited)",
					"@executable_path/Frameworks",
					"@loader_path/Frameworks",
				);
				PRODUCT_BUNDLE_IDENTIFIER = com.codemavie.FlixTests;
				PRODUCT_NAME = "$(TARGET_NAME)";
				SWIFT_VERSION = 5.0;
				TARGETED_DEVICE_FAMILY = "1,2";
				TEST_HOST = "$(BUILT_PRODUCTS_DIR)/Flix.app/Flix";
			};
			name = Release;
		};
		2CE08C962702B0C600445209 /* Debug */ = {
			isa = XCBuildConfiguration;
			buildSettings = {
				ALWAYS_EMBED_SWIFT_STANDARD_LIBRARIES = YES;
				CODE_SIGN_STYLE = Automatic;
				DEVELOPMENT_TEAM = 5V4732Y5QS;
				INFOPLIST_FILE = FlixUITests/Info.plist;
				LD_RUNPATH_SEARCH_PATHS = (
					"$(inherited)",
					"@executable_path/Frameworks",
					"@loader_path/Frameworks",
				);
				PRODUCT_BUNDLE_IDENTIFIER = com.codemavie.FlixUITests;
				PRODUCT_NAME = "$(TARGET_NAME)";
				SWIFT_VERSION = 5.0;
				TARGETED_DEVICE_FAMILY = "1,2";
				TEST_TARGET_NAME = Flix;
			};
			name = Debug;
		};
		2CE08C972702B0C600445209 /* Release */ = {
			isa = XCBuildConfiguration;
			buildSettings = {
				ALWAYS_EMBED_SWIFT_STANDARD_LIBRARIES = YES;
				CODE_SIGN_STYLE = Automatic;
				DEVELOPMENT_TEAM = 5V4732Y5QS;
				INFOPLIST_FILE = FlixUITests/Info.plist;
				LD_RUNPATH_SEARCH_PATHS = (
					"$(inherited)",
					"@executable_path/Frameworks",
					"@loader_path/Frameworks",
				);
				PRODUCT_BUNDLE_IDENTIFIER = com.codemavie.FlixUITests;
				PRODUCT_NAME = "$(TARGET_NAME)";
				SWIFT_VERSION = 5.0;
				TARGETED_DEVICE_FAMILY = "1,2";
				TEST_TARGET_NAME = Flix;
			};
			name = Release;
		};
/* End XCBuildConfiguration section */

/* Begin XCConfigurationList section */
		2CE08C602702B0C500445209 /* Build configuration list for PBXProject "Flix" */ = {
			isa = XCConfigurationList;
			buildConfigurations = (
				2CE08C8D2702B0C600445209 /* Debug */,
				2CE08C8E2702B0C600445209 /* Release */,
			);
			defaultConfigurationIsVisible = 0;
			defaultConfigurationName = Release;
		};
		2CE08C8F2702B0C600445209 /* Build configuration list for PBXNativeTarget "Flix" */ = {
			isa = XCConfigurationList;
			buildConfigurations = (
				2CE08C902702B0C600445209 /* Debug */,
				2CE08C912702B0C600445209 /* Release */,
			);
			defaultConfigurationIsVisible = 0;
			defaultConfigurationName = Release;
		};
		2CE08C922702B0C600445209 /* Build configuration list for PBXNativeTarget "FlixTests" */ = {
			isa = XCConfigurationList;
			buildConfigurations = (
				2CE08C932702B0C600445209 /* Debug */,
				2CE08C942702B0C600445209 /* Release */,
			);
			defaultConfigurationIsVisible = 0;
			defaultConfigurationName = Release;
		};
		2CE08C952702B0C600445209 /* Build configuration list for PBXNativeTarget "FlixUITests" */ = {
			isa = XCConfigurationList;
			buildConfigurations = (
				2CE08C962702B0C600445209 /* Debug */,
				2CE08C972702B0C600445209 /* Release */,
			);
			defaultConfigurationIsVisible = 0;
			defaultConfigurationName = Release;
		};
/* End XCConfigurationList section */
	};
	rootObject = 2CE08C5D2702B0C500445209 /* Project object */;
}
